// !$*UTF8*$!
{
	archiveVersion = 1;
	classes = {
	};
	objectVersion = 50;
	objects = {

/* Begin PBXBuildFile section */
		1EB67CC523FFD8D1008E4DED /* AppDelegate.swift in Sources */ = {isa = PBXBuildFile; fileRef = 1EB67CC423FFD8D1008E4DED /* AppDelegate.swift */; };
		1EB67CC723FFD8D1008E4DED /* SceneDelegate.swift in Sources */ = {isa = PBXBuildFile; fileRef = 1EB67CC623FFD8D1008E4DED /* SceneDelegate.swift */; };
		1EB67CC923FFD8D1008E4DED /* ViewController.swift in Sources */ = {isa = PBXBuildFile; fileRef = 1EB67CC823FFD8D1008E4DED /* ViewController.swift */; };
		1EB67CCC23FFD8D1008E4DED /* Main.storyboard in Resources */ = {isa = PBXBuildFile; fileRef = 1EB67CCA23FFD8D1008E4DED /* Main.storyboard */; };
		1EB67CCE23FFD8D3008E4DED /* Assets.xcassets in Resources */ = {isa = PBXBuildFile; fileRef = 1EB67CCD23FFD8D3008E4DED /* Assets.xcassets */; };
		1EB67CD123FFD8D3008E4DED /* LaunchScreen.storyboard in Resources */ = {isa = PBXBuildFile; fileRef = 1EB67CCF23FFD8D3008E4DED /* LaunchScreen.storyboard */; };
		1EB67CD923FFDA5A008E4DED /* sample.pdf in Resources */ = {isa = PBXBuildFile; fileRef = 1EB67CD823FFDA5A008E4DED /* sample.pdf */; };
/* End PBXBuildFile section */

/* Begin PBXFileReference section */
		1EB67CC123FFD8D1008E4DED /* PdfViewer.app */ = {isa = PBXFileReference; explicitFileType = wrapper.application; includeInIndex = 0; path = PdfViewer.app; sourceTree = BUILT_PRODUCTS_DIR; };
		1EB67CC423FFD8D1008E4DED /* AppDelegate.swift */ = {isa = PBXFileReference; lastKnownFileType = sourcecode.swift; path = AppDelegate.swift; sourceTree = "<group>"; };
		1EB67CC623FFD8D1008E4DED /* SceneDelegate.swift */ = {isa = PBXFileReference; lastKnownFileType = sourcecode.swift; path = SceneDelegate.swift; sourceTree = "<group>"; };
		1EB67CC823FFD8D1008E4DED /* ViewController.swift */ = {isa = PBXFileReference; lastKnownFileType = sourcecode.swift; path = ViewController.swift; sourceTree = "<group>"; };
		1EB67CCB23FFD8D1008E4DED /* Base */ = {isa = PBXFileReference; lastKnownFileType = file.storyboard; name = Base; path = Base.lproj/Main.storyboard; sourceTree = "<group>"; };
		1EB67CCD23FFD8D3008E4DED /* Assets.xcassets */ = {isa = PBXFileReference; lastKnownFileType = folder.assetcatalog; path = Assets.xcassets; sourceTree = "<group>"; };
		1EB67CD023FFD8D3008E4DED /* Base */ = {isa = PBXFileReference; lastKnownFileType = file.storyboard; name = Base; path = Base.lproj/LaunchScreen.storyboard; sourceTree = "<group>"; };
		1EB67CD223FFD8D3008E4DED /* Info.plist */ = {isa = PBXFileReference; lastKnownFileType = text.plist.xml; path = Info.plist; sourceTree = "<group>"; };
		1EB67CD823FFDA5A008E4DED /* sample.pdf */ = {isa = PBXFileReference; lastKnownFileType = image.pdf; path = sample.pdf; sourceTree = "<group>"; };
/* End PBXFileReference section */

/* Begin PBXFrameworksBuildPhase section */
		1EB67CBE23FFD8D1008E4DED /* Frameworks */ = {
			isa = PBXFrameworksBuildPhase;
			buildActionMask = 2147483647;
			files = (
			);
			runOnlyForDeploymentPostprocessing = 0;
		};
/* End PBXFrameworksBuildPhase section */

/* Begin PBXGroup section */
		1EB67CB823FFD8D1008E4DED = {
			isa = PBXGroup;
			children = (
				1EB67CC323FFD8D1008E4DED /* PdfViewer */,
				1EB67CC223FFD8D1008E4DED /* Products */,
			);
			sourceTree = "<group>";
		};
		1EB67CC223FFD8D1008E4DED /* Products */ = {
			isa = PBXGroup;
			children = (
				1EB67CC123FFD8D1008E4DED /* PdfViewer.app */,
			);
			name = Products;
			sourceTree = "<group>";
		};
		1EB67CC323FFD8D1008E4DED /* PdfViewer */ = {
			isa = PBXGroup;
			children = (
				1EB67CC423FFD8D1008E4DED /* AppDelegate.swift */,
				1EB67CC623FFD8D1008E4DED /* SceneDelegate.swift */,
				1EB67CC823FFD8D1008E4DED /* ViewController.swift */,
				1EB67CCA23FFD8D1008E4DED /* Main.storyboard */,
				1EB67CD823FFDA5A008E4DED /* sample.pdf */,
				1EB67CCD23FFD8D3008E4DED /* Assets.xcassets */,
				1EB67CCF23FFD8D3008E4DED /* LaunchScreen.storyboard */,
				1EB67CD223FFD8D3008E4DED /* Info.plist */,
			);
			path = PdfViewer;
			sourceTree = "<group>";
		};
/* End PBXGroup section */

/* Begin PBXNativeTarget section */
		1EB67CC023FFD8D1008E4DED /* PdfViewer */ = {
			isa = PBXNativeTarget;
			buildConfigurationList = 1EB67CD523FFD8D3008E4DED /* Build configuration list for PBXNativeTarget "PdfViewer" */;
			buildPhases = (
				1EB67CBD23FFD8D1008E4DED /* Sources */,
				1EB67CBE23FFD8D1008E4DED /* Frameworks */,
				1EB67CBF23FFD8D1008E4DED /* Resources */,
			);
			buildRules = (
			);
			dependencies = (
			);
			name = PdfViewer;
			productName = PdfViewer;
			productReference = 1EB67CC123FFD8D1008E4DED /* PdfViewer.app */;
			productType = "com.apple.product-type.application";
		};
/* End PBXNativeTarget section */

/* Begin PBXProject section */
		1EB67CB923FFD8D1008E4DED /* Project object */ = {
			isa = PBXProject;
			attributes = {
				LastSwiftUpdateCheck = 1130;
				LastUpgradeCheck = 1130;
				ORGANIZATIONNAME = Ed;
				TargetAttributes = {
					1EB67CC023FFD8D1008E4DED = {
						CreatedOnToolsVersion = 11.3;
					};
				};
			};
			buildConfigurationList = 1EB67CBC23FFD8D1008E4DED /* Build configuration list for PBXProject "PdfViewer" */;
			compatibilityVersion = "Xcode 9.3";
			developmentRegion = en;
			hasScannedForEncodings = 0;
			knownRegions = (
				en,
				Base,
			);
			mainGroup = 1EB67CB823FFD8D1008E4DED;
			productRefGroup = 1EB67CC223FFD8D1008E4DED /* Products */;
			projectDirPath = "";
			projectRoot = "";
			targets = (
				1EB67CC023FFD8D1008E4DED /* PdfViewer */,
			);
		};
/* End PBXProject section */

/* Begin PBXResourcesBuildPhase section */
		1EB67CBF23FFD8D1008E4DED /* Resources */ = {
			isa = PBXResourcesBuildPhase;
			buildActionMask = 2147483647;
			files = (
				1EB67CD923FFDA5A008E4DED /* sample.pdf in Resources */,
				1EB67CD123FFD8D3008E4DED /* LaunchScreen.storyboard in Resources */,
				1EB67CCE23FFD8D3008E4DED /* Assets.xcassets in Resources */,
				1EB67CCC23FFD8D1008E4DED /* Main.storyboard in Resources */,
			);
			runOnlyForDeploymentPostprocessing = 0;
		};
/* End PBXResourcesBuildPhase section */

/* Begin PBXSourcesBuildPhase section */
		1EB67CBD23FFD8D1008E4DED /* Sources */ = {
			isa = PBXSourcesBuildPhase;
			buildActionMask = 2147483647;
			files = (
				1EB67CC923FFD8D1008E4DED /* ViewController.swift in Sources */,
				1EB67CC523FFD8D1008E4DED /* AppDelegate.swift in Sources */,
				1EB67CC723FFD8D1008E4DED /* SceneDelegate.swift in Sources */,
			);
			runOnlyForDeploymentPostprocessing = 0;
		};
/* End PBXSourcesBuildPhase section */

/* Begin PBXVariantGroup section */
		1EB67CCA23FFD8D1008E4DED /* Main.storyboard */ = {
			isa = PBXVariantGroup;
			children = (
				1EB67CCB23FFD8D1008E4DED /* Base */,
			);
			name = Main.storyboard;
			sourceTree = "<group>";
		};
		1EB67CCF23FFD8D3008E4DED /* LaunchScreen.storyboard */ = {
			isa = PBXVariantGroup;
			children = (
				1EB67CD023FFD8D3008E4DED /* Base */,
			);
			name = LaunchScreen.storyboard;
			sourceTree = "<group>";
		};
/* End PBXVariantGroup section */

/* Begin XCBuildConfiguration section */
		1EB67CD323FFD8D3008E4DED /* Debug */ = {
			isa = XCBuildConfiguration;
			buildSettings = {
				ALWAYS_SEARCH_USER_PATHS = NO;
				CLANG_ANALYZER_NONNULL = YES;
				CLANG_ANALYZER_NUMBER_OBJECT_CONVERSION = YES_AGGRESSIVE;
				CLANG_CXX_LANGUAGE_STANDARD = "gnu++14";
				CLANG_CXX_LIBRARY = "libc++";
				CLANG_ENABLE_MODULES = YES;
				CLANG_ENABLE_OBJC_ARC = YES;
				CLANG_ENABLE_OBJC_WEAK = YES;
				CLANG_WARN_BLOCK_CAPTURE_AUTORELEASING = YES;
				CLANG_WARN_BOOL_CONVERSION = YES;
				CLANG_WARN_COMMA = YES;
				CLANG_WARN_CONSTANT_CONVERSION = YES;
				CLANG_WARN_DEPRECATED_OBJC_IMPLEMENTATIONS = YES;
				CLANG_WARN_DIRECT_OBJC_ISA_USAGE = YES_ERROR;
				CLANG_WARN_DOCUMENTATION_COMMENTS = YES;
				CLANG_WARN_EMPTY_BODY = YES;
				CLANG_WARN_ENUM_CONVERSION = YES;
				CLANG_WARN_INFINITE_RECURSION = YES;
				CLANG_WARN_INT_CONVERSION = YES;
				CLANG_WARN_NON_LITERAL_NULL_CONVERSION = YES;
				CLANG_WARN_OBJC_IMPLICIT_RETAIN_SELF = YES;
				CLANG_WARN_OBJC_LITERAL_CONVERSION = YES;
				CLANG_WARN_OBJC_ROOT_CLASS = YES_ERROR;
				CLANG_WARN_RANGE_LOOP_ANALYSIS = YES;
				CLANG_WARN_STRICT_PROTOTYPES = YES;
				CLANG_WARN_SUSPICIOUS_MOVE = YES;
				CLANG_WARN_UNGUARDED_AVAILABILITY = YES_AGGRESSIVE;
				CLANG_WARN_UNREACHABLE_CODE = YES;
				CLANG_WARN__DUPLICATE_METHOD_MATCH = YES;
				COPY_PHASE_STRIP = NO;
				DEBUG_INFORMATION_FORMAT = dwarf;
				ENABLE_STRICT_OBJC_MSGSEND = YES;
				ENABLE_TESTABILITY = YES;
				GCC_C_LANGUAGE_STANDARD = gnu11;
				GCC_DYNAMIC_NO_PIC = NO;
				GCC_NO_COMMON_BLOCKS = YES;
				GCC_OPTIMIZATION_LEVEL = 0;
				GCC_PREPROCESSOR_DEFINITIONS = (
					"DEBUG=1",
					"$(inherited)",
				);
				GCC_WARN_64_TO_32_BIT_CONVERSION = YES;
				GCC_WARN_ABOUT_RETURN_TYPE = YES_ERROR;
				GCC_WARN_UNDECLARED_SELECTOR = YES;
				GCC_WARN_UNINITIALIZED_AUTOS = YES_AGGRESSIVE;
				GCC_WARN_UNUSED_FUNCTION = YES;
				GCC_WARN_UNUSED_VARIABLE = YES;
				IPHONEOS_DEPLOYMENT_TARGET = 13.2;
				MTL_ENABLE_DEBUG_INFO = INCLUDE_SOURCE;
				MTL_FAST_MATH = YES;
				ONLY_ACTIVE_ARCH = YES;
				SDKROOT = iphoneos;
				SWIFT_ACTIVE_COMPILATION_CONDITIONS = DEBUG;
				SWIFT_OPTIMIZATION_LEVEL = "-Onone";
			};
			name = Debug;
		};
		1EB67CD423FFD8D3008E4DED /* Release */ = {
			isa = XCBuildConfiguration;
			buildSettings = {
				ALWAYS_SEARCH_USER_PATHS = NO;
				CLANG_ANALYZER_NONNULL = YES;
				CLANG_ANALYZER_NUMBER_OBJECT_CONVERSION = YES_AGGRESSIVE;
				CLANG_CXX_LANGUAGE_STANDARD = "gnu++14";
				CLANG_CXX_LIBRARY = "libc++";
				CLANG_ENABLE_MODULES = YES;
				CLANG_ENABLE_OBJC_ARC = YES;
				CLANG_ENABLE_OBJC_WEAK = YES;
				CLANG_WARN_BLOCK_CAPTURE_AUTORELEASING = YES;
				CLANG_WARN_BOOL_CONVERSION = YES;
				CLANG_WARN_COMMA = YES;
				CLANG_WARN_CONSTANT_CONVERSION = YES;
				CLANG_WARN_DEPRECATED_OBJC_IMPLEMENTATIONS = YES;
				CLANG_WARN_DIRECT_OBJC_ISA_USAGE = YES_ERROR;
				CLANG_WARN_DOCUMENTATION_COMMENTS = YES;
				CLANG_WARN_EMPTY_BODY = YES;
				CLANG_WARN_ENUM_CONVERSION = YES;
				CLANG_WARN_INFINITE_RECURSION = YES;
				CLANG_WARN_INT_CONVERSION = YES;
				CLANG_WARN_NON_LITERAL_NULL_CONVERSION = YES;
				CLANG_WARN_OBJC_IMPLICIT_RETAIN_SELF = YES;
				CLANG_WARN_OBJC_LITERAL_CONVERSION = YES;
				CLANG_WARN_OBJC_ROOT_CLASS = YES_ERROR;
				CLANG_WARN_RANGE_LOOP_ANALYSIS = YES;
				CLANG_WARN_STRICT_PROTOTYPES = YES;
				CLANG_WARN_SUSPICIOUS_MOVE = YES;
				CLANG_WARN_UNGUARDED_AVAILABILITY = YES_AGGRESSIVE;
				CLANG_WARN_UNREACHABLE_CODE = YES;
				CLANG_WARN__DUPLICATE_METHOD_MATCH = YES;
				COPY_PHASE_STRIP = NO;
				DEBUG_INFORMATION_FORMAT = "dwarf-with-dsym";
				ENABLE_NS_ASSERTIONS = NO;
				ENABLE_STRICT_OBJC_MSGSEND = YES;
				GCC_C_LANGUAGE_STANDARD = gnu11;
				GCC_NO_COMMON_BLOCKS = YES;
				GCC_WARN_64_TO_32_BIT_CONVERSION = YES;
				GCC_WARN_ABOUT_RETURN_TYPE = YES_ERROR;
				GCC_WARN_UNDECLARED_SELECTOR = YES;
				GCC_WARN_UNINITIALIZED_AUTOS = YES_AGGRESSIVE;
				GCC_WARN_UNUSED_FUNCTION = YES;
				GCC_WARN_UNUSED_VARIABLE = YES;
				IPHONEOS_DEPLOYMENT_TARGET = 13.2;
				MTL_ENABLE_DEBUG_INFO = NO;
				MTL_FAST_MATH = YES;
				SDKROOT = iphoneos;
				SWIFT_COMPILATION_MODE = wholemodule;
				SWIFT_OPTIMIZATION_LEVEL = "-O";
				VALIDATE_PRODUCT = YES;
			};
			name = Release;
		};
		1EB67CD623FFD8D3008E4DED /* Debug */ = {
			isa = XCBuildConfiguration;
			buildSettings = {
				ASSETCATALOG_COMPILER_APPICON_NAME = AppIcon;
				CODE_SIGN_STYLE = Automatic;
				INFOPLIST_FILE = PdfViewer/Info.plist;
				LD_RUNPATH_SEARCH_PATHS = (
					"$(inherited)",
					"@executable_path/Frameworks",
				);
				PRODUCT_BUNDLE_IDENTIFIER = com.ed.pdfviewer.PdfViewer;
				PRODUCT_NAME = "$(TARGET_NAME)";
				SWIFT_VERSION = 5.0;
				TARGETED_DEVICE_FAMILY = "1,2";
			};
			name = Debug;
		};
		1EB67CD723FFD8D3008E4DED /* Release */ = {
			isa = XCBuildConfiguration;
			buildSettings = {
				ASSETCATALOG_COMPILER_APPICON_NAME = AppIcon;
				CODE_SIGN_STYLE = Automatic;
				INFOPLIST_FILE = PdfViewer/Info.plist;
				LD_RUNPATH_SEARCH_PATHS = (
					"$(inherited)",
					"@executable_path/Frameworks",
				);
				PRODUCT_BUNDLE_IDENTIFIER = com.ed.pdfviewer.PdfViewer;
				PRODUCT_NAME = "$(TARGET_NAME)";
				SWIFT_VERSION = 5.0;
				TARGETED_DEVICE_FAMILY = "1,2";
			};
			name = Release;
		};
/* End XCBuildConfiguration section */

/* Begin XCConfigurationList section */
		1EB67CBC23FFD8D1008E4DED /* Build configuration list for PBXProject "PdfViewer" */ = {
			isa = XCConfigurationList;
			buildConfigurations = (
				1EB67CD323FFD8D3008E4DED /* Debug */,
				1EB67CD423FFD8D3008E4DED /* Release */,
			);
			defaultConfigurationIsVisible = 0;
			defaultConfigurationName = Release;
		};
		1EB67CD523FFD8D3008E4DED /* Build configuration list for PBXNativeTarget "PdfViewer" */ = {
			isa = XCConfigurationList;
			buildConfigurations = (
				1EB67CD623FFD8D3008E4DED /* Debug */,
				1EB67CD723FFD8D3008E4DED /* Release */,
			);
			defaultConfigurationIsVisible = 0;
			defaultConfigurationName = Release;
		};
/* End XCConfigurationList section */
	};
	rootObject = 1EB67CB923FFD8D1008E4DED /* Project object */;
}
